
Microsoft Visual Studio Solution File, Format Version 12.00
# Visual Studio Version 16
VisualStudioVersion = 16.0.30503.244
MinimumVisualStudioVersion = 10.0.40219.1
Project("{8BC9CEB8-8B4A-11D0-8D11-00A0C91BC942}") = "roots-solver", "roots-solver\roots-solver.vcxproj", "{48E4FD41-CAB9-4071-A4C4-525784640668}"
EndProject
Global
	GlobalSection(SolutionConfigurationPlatforms) = preSolution
		Debug|x64 = Debug|x64
		Debug|x86 = Debug|x86
		Release|x64 = Release|x64
		Release|x86 = Release|x86
	EndGlobalSection
	GlobalSection(ProjectConfigurationPlatforms) = postSolution
		{48E4FD41-CAB9-4071-A4C4-525784640668}.Debug|x64.ActiveCfg = Debug|x64
		{48E4FD41-CAB9-4071-A4C4-525784640668}.Debug|x64.Build.0 = Debug|x64
		{48E4FD41-CAB9-4071-A4C4-525784640668}.Debug|x86.ActiveCfg = Debug|Win32
		{48E4FD41-CAB9-4071-A4C4-525784640668}.Debug|x86.Build.0 = Debug|Win32
		{48E4FD41-CAB9-4071-A4C4-525784640668}.Release|x64.ActiveCfg = Release|x64
		{48E4FD41-CAB9-4071-A4C4-525784640668}.Release|x64.Build.0 = Release|x64
		{48E4FD41-CAB9-4071-A4C4-525784640668}.Release|x86.ActiveCfg = Release|Win32
		{48E4FD41-CAB9-4071-A4C4-525784640668}.Release|x86.Build.0 = Release|Win32
	EndGlobalSection
	GlobalSection(SolutionProperties) = preSolution
		HideSolutionNode = FALSE
	EndGlobalSection
	GlobalSection(ExtensibilityGlobals) = postSolution
		SolutionGuid = {1565AC0B-DAED-42BF-B57C-BCF14280FAA9}
	EndGlobalSection
EndGlobal
